
Microsoft Visual Studio Solution File, Format Version 12.00
# Visual Studio Version 17
VisualStudioVersion = 17.4.33205.214
MinimumVisualStudioVersion = 10.0.40219.1
Project("{FAE04EC0-301F-11D3-BF4B-00C04F79EFBC}") = "BareSurf", "BareSurf\BareSurf.csproj", "{28F112BD-6190-4D2B-8F75-E949F4D5B83F}"
EndProject
Global
	GlobalSection(SolutionConfigurationPlatforms) = preSolution
		Debug|Any CPU = Debug|Any CPU
		Release|Any CPU = Release|Any CPU
	EndGlobalSection
	GlobalSection(ProjectConfigurationPlatforms) = postSolution
		{28F112BD-6190-4D2B-8F75-E949F4D5B83F}.Debug|Any CPU.ActiveCfg = Debug|Any CPU
		{28F112BD-6190-4D2B-8F75-E949F4D5B83F}.Debug|Any CPU.Build.0 = Debug|Any CPU
		{28F112BD-6190-4D2B-8F75-E949F4D5B83F}.Release|Any CPU.ActiveCfg = Release|Any CPU
		{28F112BD-6190-4D2B-8F75-E949F4D5B83F}.Release|Any CPU.Build.0 = Release|Any CPU
	EndGlobalSection
	GlobalSection(SolutionProperties) = preSolution
		HideSolutionNode = FALSE
	EndGlobalSection
	GlobalSection(ExtensibilityGlobals) = postSolution
		SolutionGuid = {DAAD83B4-534E-4BC5-A377-8E84E25C7DD5}
	EndGlobalSection
EndGlobal
